
Microsoft Visual Studio Solution File, Format Version 12.00
# Visual Studio Version 16
VisualStudioVersion = 16.0.31205.134
MinimumVisualStudioVersion = 10.0.40219.1
Project("{FAE04EC0-301F-11D3-BF4B-00C04F79EFBC}") = "MiniProjekat", "MiniProjekat\MiniProjekat.csproj", "{3684689C-2D07-44BA-95B0-157E37FE42BF}"
EndProject
Global
	GlobalSection(SolutionConfigurationPlatforms) = preSolution
		Debug|Any CPU = Debug|Any CPU
		Release|Any CPU = Release|Any CPU
	EndGlobalSection
	GlobalSection(ProjectConfigurationPlatforms) = postSolution
		{3684689C-2D07-44BA-95B0-157E37FE42BF}.Debug|Any CPU.ActiveCfg = Debug|Any CPU
		{3684689C-2D07-44BA-95B0-157E37FE42BF}.Debug|Any CPU.Build.0 = Debug|Any CPU
		{3684689C-2D07-44BA-95B0-157E37FE42BF}.Release|Any CPU.ActiveCfg = Release|Any CPU
		{3684689C-2D07-44BA-95B0-157E37FE42BF}.Release|Any CPU.Build.0 = Release|Any CPU
	EndGlobalSection
	GlobalSection(SolutionProperties) = preSolution
		HideSolutionNode = FALSE
	EndGlobalSection
	GlobalSection(ExtensibilityGlobals) = postSolution
		SolutionGuid = {BC49C0D0-7CC3-4DB2-824E-148A743E5519}
	EndGlobalSection
EndGlobal
